
Microsoft Visual Studio Solution File, Format Version 12.00
# Visual Studio Version 16
VisualStudioVersion = 16.0.31112.23
MinimumVisualStudioVersion = 10.0.40219.1
Project("{FAE04EC0-301F-11D3-BF4B-00C04F79EFBC}") = "task1", "task1\task1.csproj", "{FA4F1799-FE70-4D17-ADE3-9972D4E9BDAD}"
EndProject
Global
	GlobalSection(SolutionConfigurationPlatforms) = preSolution
		Debug|Any CPU = Debug|Any CPU
		Release|Any CPU = Release|Any CPU
	EndGlobalSection
	GlobalSection(ProjectConfigurationPlatforms) = postSolution
		{FA4F1799-FE70-4D17-ADE3-9972D4E9BDAD}.Debug|Any CPU.ActiveCfg = Debug|Any CPU
		{FA4F1799-FE70-4D17-ADE3-9972D4E9BDAD}.Debug|Any CPU.Build.0 = Debug|Any CPU
		{FA4F1799-FE70-4D17-ADE3-9972D4E9BDAD}.Release|Any CPU.ActiveCfg = Release|Any CPU
		{FA4F1799-FE70-4D17-ADE3-9972D4E9BDAD}.Release|Any CPU.Build.0 = Release|Any CPU
	EndGlobalSection
	GlobalSection(SolutionProperties) = preSolution
		HideSolutionNode = FALSE
	EndGlobalSection
	GlobalSection(ExtensibilityGlobals) = postSolution
		SolutionGuid = {6C686303-4B35-4573-8992-76D70E8DFF5D}
	EndGlobalSection
EndGlobal
